
Microsoft Visual Studio Solution File, Format Version 12.00
# Visual Studio Version 16
VisualStudioVersion = 16.0.32002.261
MinimumVisualStudioVersion = 10.0.40219.1
Project("{9A19103F-16F7-4668-BE54-9A1E7A4F7556}") = "Array Lessons", "Array Lessons\Array Lessons.csproj", "{1734ABA5-EC81-4E0E-9EC1-C348C90C76D3}"
EndProject
Project("{9A19103F-16F7-4668-BE54-9A1E7A4F7556}") = "Stepped Array", "Stepped Array\Stepped Array.csproj", "{CBFB4D15-F0AE-42BC-974C-3E465DED7927}"
EndProject
Project("{9A19103F-16F7-4668-BE54-9A1E7A4F7556}") = "Method Test", "Method Test\Method Test.csproj", "{9F94B5B1-7243-405C-9106-39197877335A}"
EndProject
Project("{9A19103F-16F7-4668-BE54-9A1E7A4F7556}") = "Array Resize Method", "Array Resize Method\Array Resize Method.csproj", "{B17DA77E-3837-4A71-B30D-B43DEB60B837}"
EndProject
Project("{9A19103F-16F7-4668-BE54-9A1E7A4F7556}") = "CodeWars Test", "CodeWars Test\CodeWars Test.csproj", "{4D55086E-5723-427B-9CBF-0DBC1C7634DF}"
EndProject
Project("{9A19103F-16F7-4668-BE54-9A1E7A4F7556}") = "Recursion Home Task", "Recursion Home Task\Recursion Home Task.csproj", "{6C3B6AAA-A69C-4ACD-8E52-4D4FF879C8C2}"
EndProject
Project("{FAE04EC0-301F-11D3-BF4B-00C04F79EFBC}") = "Fibonacci Numbers", "Fibonacci Numbers\Fibonacci Numbers.csproj", "{ADD1BFF2-0874-4FBF-95C9-671873C5E2E7}"
EndProject
Global
	GlobalSection(SolutionConfigurationPlatforms) = preSolution
		Debug|Any CPU = Debug|Any CPU
		Release|Any CPU = Release|Any CPU
	EndGlobalSection
	GlobalSection(ProjectConfigurationPlatforms) = postSolution
		{1734ABA5-EC81-4E0E-9EC1-C348C90C76D3}.Debug|Any CPU.ActiveCfg = Debug|Any CPU
		{1734ABA5-EC81-4E0E-9EC1-C348C90C76D3}.Debug|Any CPU.Build.0 = Debug|Any CPU
		{1734ABA5-EC81-4E0E-9EC1-C348C90C76D3}.Release|Any CPU.ActiveCfg = Release|Any CPU
		{1734ABA5-EC81-4E0E-9EC1-C348C90C76D3}.Release|Any CPU.Build.0 = Release|Any CPU
		{CBFB4D15-F0AE-42BC-974C-3E465DED7927}.Debug|Any CPU.ActiveCfg = Debug|Any CPU
		{CBFB4D15-F0AE-42BC-974C-3E465DED7927}.Debug|Any CPU.Build.0 = Debug|Any CPU
		{CBFB4D15-F0AE-42BC-974C-3E465DED7927}.Release|Any CPU.ActiveCfg = Release|Any CPU
		{CBFB4D15-F0AE-42BC-974C-3E465DED7927}.Release|Any CPU.Build.0 = Release|Any CPU
		{9F94B5B1-7243-405C-9106-39197877335A}.Debug|Any CPU.ActiveCfg = Debug|Any CPU
		{9F94B5B1-7243-405C-9106-39197877335A}.Debug|Any CPU.Build.0 = Debug|Any CPU
		{9F94B5B1-7243-405C-9106-39197877335A}.Release|Any CPU.ActiveCfg = Release|Any CPU
		{9F94B5B1-7243-405C-9106-39197877335A}.Release|Any CPU.Build.0 = Release|Any CPU
		{B17DA77E-3837-4A71-B30D-B43DEB60B837}.Debug|Any CPU.ActiveCfg = Debug|Any CPU
		{B17DA77E-3837-4A71-B30D-B43DEB60B837}.Debug|Any CPU.Build.0 = Debug|Any CPU
		{B17DA77E-3837-4A71-B30D-B43DEB60B837}.Release|Any CPU.ActiveCfg = Release|Any CPU
		{B17DA77E-3837-4A71-B30D-B43DEB60B837}.Release|Any CPU.Build.0 = Release|Any CPU
		{4D55086E-5723-427B-9CBF-0DBC1C7634DF}.Debug|Any CPU.ActiveCfg = Debug|Any CPU
		{4D55086E-5723-427B-9CBF-0DBC1C7634DF}.Debug|Any CPU.Build.0 = Debug|Any CPU
		{4D55086E-5723-427B-9CBF-0DBC1C7634DF}.Release|Any CPU.ActiveCfg = Release|Any CPU
		{4D55086E-5723-427B-9CBF-0DBC1C7634DF}.Release|Any CPU.Build.0 = Release|Any CPU
		{6C3B6AAA-A69C-4ACD-8E52-4D4FF879C8C2}.Debug|Any CPU.ActiveCfg = Debug|Any CPU
		{6C3B6AAA-A69C-4ACD-8E52-4D4FF879C8C2}.Debug|Any CPU.Build.0 = Debug|Any CPU
		{6C3B6AAA-A69C-4ACD-8E52-4D4FF879C8C2}.Release|Any CPU.ActiveCfg = Release|Any CPU
		{6C3B6AAA-A69C-4ACD-8E52-4D4FF879C8C2}.Release|Any CPU.Build.0 = Release|Any CPU
		{ADD1BFF2-0874-4FBF-95C9-671873C5E2E7}.Debug|Any CPU.ActiveCfg = Debug|Any CPU
		{ADD1BFF2-0874-4FBF-95C9-671873C5E2E7}.Debug|Any CPU.Build.0 = Debug|Any CPU
		{ADD1BFF2-0874-4FBF-95C9-671873C5E2E7}.Release|Any CPU.ActiveCfg = Release|Any CPU
		{ADD1BFF2-0874-4FBF-95C9-671873C5E2E7}.Release|Any CPU.Build.0 = Release|Any CPU
	EndGlobalSection
	GlobalSection(SolutionProperties) = preSolution
		HideSolutionNode = FALSE
	EndGlobalSection
	GlobalSection(ExtensibilityGlobals) = postSolution
		SolutionGuid = {F1367176-B16F-4491-BB47-D3B77AA11D48}
	EndGlobalSection
EndGlobal
